{
  "lockfile_version": "1",
  "packages": {
    "dbeaver-bin@25.1.4": {
      "last_modified": "2025-08-09T20:54:02Z",
      "resolved": "github:NixOS/nixpkgs/1ef586712f85b4b004caecd385d6b023e7fd2450#dbeaver-bin",
      "source": "devbox-search",
      "version": "25.1.4",
      "systems": {
        "aarch64-darwin": {
          "outputs": [
            {
              "name": "out",
              "path": "/nix/store/wlw35mxwvd3nb13fjdklnpgagaw4hx68-dbeaver-bin-25.1.4",
              "default": true
            }
          ],
          "store_path": "/nix/store/wlw35mxwvd3nb13fjdklnpgagaw4hx68-dbeaver-bin-25.1.4"
        },
        "aarch64-linux": {
          "outputs": [
            {
              "name": "out",
              "path": "/nix/store/16hl210ghwa2bl0yaq0mvl2y0wacbvnd-dbeaver-bin-25.1.4",
              "default": true
            }
          ],
          "store_path": "/nix/store/16hl210ghwa2bl0yaq0mvl2y0wacbvnd-dbeaver-bin-25.1.4"
        },
        "x86_64-darwin": {
          "outputs": [
            {
              "name": "out",
              "path": "/nix/store/39b68dnggl3w6niz1n3m288n8d66i1rf-dbeaver-bin-25.1.4",
              "default": true
            }
          ],
          "store_path": "/nix/store/39b68dnggl3w6niz1n3m288n8d66i1rf-dbeaver-bin-25.1.4"
        },
        "x86_64-linux": {
          "outputs": [
            {
              "name": "out",
              "path": "/nix/store/ancxvqf528z4rx8c2gjm98qanilkc3wz-dbeaver-bin-25.1.4",
              "default": true
            }
          ],
          "store_path": "/nix/store/ancxvqf528z4rx8c2gjm98qanilkc3wz-dbeaver-bin-25.1.4"
        }
      }
    },
    "dbmate@2.28.0": {
      "last_modified": "2025-08-04T03:33:26Z",
      "resolved": "github:NixOS/nixpkgs/6a489c9482ca676ce23c0bcd7f2e1795383325fa#dbmate",
      "source": "devbox-search",
      "version": "2.28.0",
      "systems": {
        "aarch64-darwin": {
          "outputs": [
            {
              "name": "out",
              "path": "/nix/store/28agc9164wajkmk9mclwbf8dw4rsspm1-dbmate-2.28.0",
              "default": true
            }
          ],
          "store_path": "/nix/store/28agc9164wajkmk9mclwbf8dw4rsspm1-dbmate-2.28.0"
        },
        "aarch64-linux": {
          "outputs": [
            {
              "name": "out",
              "path": "/nix/store/34jnb8i1dyd70cz8621qhyp40irgcn8l-dbmate-2.28.0",
              "default": true
            }
          ],
          "store_path": "/nix/store/34jnb8i1dyd70cz8621qhyp40irgcn8l-dbmate-2.28.0"
        },
        "x86_64-darwin": {
          "outputs": [
            {
              "name": "out",
              "path": "/nix/store/spg0j97w9amz3qnpzspl7hx2gzpis7iw-dbmate-2.28.0",
              "default": true
            }
          ],
          "store_path": "/nix/store/spg0j97w9amz3qnpzspl7hx2gzpis7iw-dbmate-2.28.0"
        },
        "x86_64-linux": {
          "outputs": [
            {
              "name": "out",
              "path": "/nix/store/srg3fby6lkizqrk2xx90gz28qn0w8azw-dbmate-2.28.0",
              "default": true
            }
          ],
          "store_path": "/nix/store/srg3fby6lkizqrk2xx90gz28qn0w8azw-dbmate-2.28.0"
        }
      }
    },
    "github:NixOS/nixpkgs/nixpkgs-unstable": {
      "last_modified": "2025-08-12T09:17:37Z",
      "resolved": "github:NixOS/nixpkgs/372d9eeeafa5b15913201e2b92e8e539ac7c64d1?lastModified=1754990257&narHash=sha256-eEq2wlYNF2t89PsNyEv5Sz4lSxdukZCj4SdhZBVAGpI%3D"
    }
  }
}
